
Microsoft Visual Studio Solution File, Format Version 12.00
# Visual Studio Version 17
VisualStudioVersion = 17.2.32519.379
MinimumVisualStudioVersion = 10.0.40219.1
Project("{8BC9CEB8-8B4A-11D0-8D11-00A0C91BC942}") = "lab2", "lab2.vcxproj", "{01008578-A6D3-48F0-B8DE-9B6CE35F4888}"
EndProject
Global
	GlobalSection(SolutionConfigurationPlatforms) = preSolution
		Debug|x64 = Debug|x64
		Debug|x86 = Debug|x86
		Release|x64 = Release|x64
		Release|x86 = Release|x86
	EndGlobalSection
	GlobalSection(ProjectConfigurationPlatforms) = postSolution
		{01008578-A6D3-48F0-B8DE-9B6CE35F4888}.Debug|x64.ActiveCfg = Debug|x64
		{01008578-A6D3-48F0-B8DE-9B6CE35F4888}.Debug|x64.Build.0 = Debug|x64
		{01008578-A6D3-48F0-B8DE-9B6CE35F4888}.Debug|x86.ActiveCfg = Debug|Win32
		{01008578-A6D3-48F0-B8DE-9B6CE35F4888}.Debug|x86.Build.0 = Debug|Win32
		{01008578-A6D3-48F0-B8DE-9B6CE35F4888}.Release|x64.ActiveCfg = Release|x64
		{01008578-A6D3-48F0-B8DE-9B6CE35F4888}.Release|x64.Build.0 = Release|x64
		{01008578-A6D3-48F0-B8DE-9B6CE35F4888}.Release|x86.ActiveCfg = Release|Win32
		{01008578-A6D3-48F0-B8DE-9B6CE35F4888}.Release|x86.Build.0 = Release|Win32
	EndGlobalSection
	GlobalSection(SolutionProperties) = preSolution
		HideSolutionNode = FALSE
	EndGlobalSection
	GlobalSection(ExtensibilityGlobals) = postSolution
		SolutionGuid = {CE845B2E-8A34-4555-AB02-5B345C3C1F30}
	EndGlobalSection
EndGlobal
